
Microsoft Visual Studio Solution File, Format Version 12.00
# Visual Studio Version 17
VisualStudioVersion = 17.1.32319.34
MinimumVisualStudioVersion = 10.0.40219.1
Project("{FAE04EC0-301F-11D3-BF4B-00C04F79EFBC}") = "project_Formula", "project_Formula.csproj", "{E2365EAE-2B1C-4BE1-B2AB-4BACC0D0AFFA}"
EndProject
Project("{FAE04EC0-301F-11D3-BF4B-00C04F79EFBC}") = "TestProject1", "..\TestProject1\TestProject1.csproj", "{111C7516-9DFA-421A-B980-50B2745EABFD}"
EndProject
Global
	GlobalSection(SolutionConfigurationPlatforms) = preSolution
		Debug|Any CPU = Debug|Any CPU
		Release|Any CPU = Release|Any CPU
	EndGlobalSection
	GlobalSection(ProjectConfigurationPlatforms) = postSolution
		{E2365EAE-2B1C-4BE1-B2AB-4BACC0D0AFFA}.Debug|Any CPU.ActiveCfg = Debug|Any CPU
		{E2365EAE-2B1C-4BE1-B2AB-4BACC0D0AFFA}.Debug|Any CPU.Build.0 = Debug|Any CPU
		{E2365EAE-2B1C-4BE1-B2AB-4BACC0D0AFFA}.Release|Any CPU.ActiveCfg = Release|Any CPU
		{E2365EAE-2B1C-4BE1-B2AB-4BACC0D0AFFA}.Release|Any CPU.Build.0 = Release|Any CPU
		{111C7516-9DFA-421A-B980-50B2745EABFD}.Debug|Any CPU.ActiveCfg = Debug|Any CPU
		{111C7516-9DFA-421A-B980-50B2745EABFD}.Debug|Any CPU.Build.0 = Debug|Any CPU
		{111C7516-9DFA-421A-B980-50B2745EABFD}.Release|Any CPU.ActiveCfg = Release|Any CPU
		{111C7516-9DFA-421A-B980-50B2745EABFD}.Release|Any CPU.Build.0 = Release|Any CPU
	EndGlobalSection
	GlobalSection(SolutionProperties) = preSolution
		HideSolutionNode = FALSE
	EndGlobalSection
	GlobalSection(ExtensibilityGlobals) = postSolution
		SolutionGuid = {4A0DF755-D880-4FC0-91DC-F112FBD32662}
	EndGlobalSection
EndGlobal
